
Microsoft Visual Studio Solution File, Format Version 12.00
# Visual Studio Version 17
VisualStudioVersion = 17.3.32901.215
MinimumVisualStudioVersion = 10.0.40219.1
Project("{FAE04EC0-301F-11D3-BF4B-00C04F79EFBC}") = "NetworkStatusNotifier", "NetworkStatusNotifier\NetworkStatusNotifier.csproj", "{66D4246E-9BDD-4C88-B169-53DE2511C909}"
EndProject
Global
	GlobalSection(SolutionConfigurationPlatforms) = preSolution
		Debug|Any CPU = Debug|Any CPU
		Release|Any CPU = Release|Any CPU
	EndGlobalSection
	GlobalSection(ProjectConfigurationPlatforms) = postSolution
		{66D4246E-9BDD-4C88-B169-53DE2511C909}.Debug|Any CPU.ActiveCfg = Debug|Any CPU
		{66D4246E-9BDD-4C88-B169-53DE2511C909}.Debug|Any CPU.Build.0 = Debug|Any CPU
		{66D4246E-9BDD-4C88-B169-53DE2511C909}.Release|Any CPU.ActiveCfg = Release|Any CPU
		{66D4246E-9BDD-4C88-B169-53DE2511C909}.Release|Any CPU.Build.0 = Release|Any CPU
	EndGlobalSection
	GlobalSection(SolutionProperties) = preSolution
		HideSolutionNode = FALSE
	EndGlobalSection
	GlobalSection(ExtensibilityGlobals) = postSolution
		SolutionGuid = {90D6ACCF-FE89-4E4F-BBEC-60882C9ECBC0}
	EndGlobalSection
EndGlobal
